
Microsoft Visual Studio Solution File, Format Version 11.00
# Visual Studio 2010
Project("{FAE04EC0-301F-11D3-BF4B-00C04F79EFBC}") = "WitchGirl", "Assembly-CSharp.csproj", "{32C9DE54-8C72-D8DB-C0B4-B945202FC13B}"
EndProject
Project("{FAE04EC0-301F-11D3-BF4B-00C04F79EFBC}") = "WitchGirl", "Assembly-CSharp-Editor.csproj", "{510A88D7-66A3-30B8-8452-E3D9488D0E47}"
EndProject
Global
	GlobalSection(SolutionConfigurationPlatforms) = preSolution
		Debug|Any CPU = Debug|Any CPU
		Release|Any CPU = Release|Any CPU
	EndGlobalSection
	GlobalSection(ProjectConfigurationPlatforms) = postSolution
		{32C9DE54-8C72-D8DB-C0B4-B945202FC13B}.Debug|Any CPU.ActiveCfg = Debug|Any CPU
		{32C9DE54-8C72-D8DB-C0B4-B945202FC13B}.Debug|Any CPU.Build.0 = Debug|Any CPU
		{32C9DE54-8C72-D8DB-C0B4-B945202FC13B}.Release|Any CPU.ActiveCfg = Release|Any CPU
		{32C9DE54-8C72-D8DB-C0B4-B945202FC13B}.Release|Any CPU.Build.0 = Release|Any CPU
		{510A88D7-66A3-30B8-8452-E3D9488D0E47}.Debug|Any CPU.ActiveCfg = Debug|Any CPU
		{510A88D7-66A3-30B8-8452-E3D9488D0E47}.Debug|Any CPU.Build.0 = Debug|Any CPU
		{510A88D7-66A3-30B8-8452-E3D9488D0E47}.Release|Any CPU.ActiveCfg = Release|Any CPU
		{510A88D7-66A3-30B8-8452-E3D9488D0E47}.Release|Any CPU.Build.0 = Release|Any CPU
	EndGlobalSection
	GlobalSection(SolutionProperties) = preSolution
		HideSolutionNode = FALSE
	EndGlobalSection
	GlobalSection(MonoDevelopProperties) = preSolution
		StartupItem = Assembly-CSharp.csproj
	EndGlobalSection
EndGlobal
